
Microsoft Visual Studio Solution File, Format Version 12.00
# Visual Studio Version 16
VisualStudioVersion = 16.0.31112.23
MinimumVisualStudioVersion = 10.0.40219.1
Project("{FAE04EC0-301F-11D3-BF4B-00C04F79EFBC}") = "Lab", "Lab\Lab.csproj", "{AA306078-4C05-4B32-AB78-9EB102993873}"
EndProject
Project("{54435603-DBB4-11D2-8724-00A0C9A8B90C}") = "Sistema de Procesamiento de Exámenes", "Sistema de Procesamiento de Exámenes\Sistema de Procesamiento de Exámenes.vdproj", "{87001EE8-1BCD-4304-94D9-5C7739D7FFF3}"
EndProject
Global
	GlobalSection(SolutionConfigurationPlatforms) = preSolution
		Debug|Any CPU = Debug|Any CPU
		Release|Any CPU = Release|Any CPU
	EndGlobalSection
	GlobalSection(ProjectConfigurationPlatforms) = postSolution
		{AA306078-4C05-4B32-AB78-9EB102993873}.Debug|Any CPU.ActiveCfg = Debug|Any CPU
		{AA306078-4C05-4B32-AB78-9EB102993873}.Debug|Any CPU.Build.0 = Debug|Any CPU
		{AA306078-4C05-4B32-AB78-9EB102993873}.Release|Any CPU.ActiveCfg = Release|Any CPU
		{AA306078-4C05-4B32-AB78-9EB102993873}.Release|Any CPU.Build.0 = Release|Any CPU
		{87001EE8-1BCD-4304-94D9-5C7739D7FFF3}.Debug|Any CPU.ActiveCfg = Debug
		{87001EE8-1BCD-4304-94D9-5C7739D7FFF3}.Release|Any CPU.ActiveCfg = Release
	EndGlobalSection
	GlobalSection(SolutionProperties) = preSolution
		HideSolutionNode = FALSE
	EndGlobalSection
	GlobalSection(ExtensibilityGlobals) = postSolution
		SolutionGuid = {26A9C507-9F64-4A14-9EC2-A777B2C115F0}
	EndGlobalSection
EndGlobal
